
Microsoft Visual Studio Solution File, Format Version 12.00
# Visual Studio 14
VisualStudioVersion = 14.0.25420.1
MinimumVisualStudioVersion = 10.0.40219.1
Project("{2150E333-8FDC-42A3-9474-1A3956D46DE8}") = "Domain", "Domain", "{F3BCB206-A11C-434D-9EB7-17A417E89D15}"
EndProject
Project("{2150E333-8FDC-42A3-9474-1A3956D46DE8}") = "Query", "Query", "{EE71E442-1733-4C1D-A7A8-5F4852923373}"
EndProject
Project("{2150E333-8FDC-42A3-9474-1A3956D46DE8}") = "Command", "Command", "{3CDE32E6-9605-4E36-A8B0-89C45EE29F7F}"
EndProject
Project("{2150E333-8FDC-42A3-9474-1A3956D46DE8}") = "DataAccess", "DataAccess", "{9C7A45C4-0F93-4ABA-8CDB-9437FB3B0553}"
EndProject
Project("{2150E333-8FDC-42A3-9474-1A3956D46DE8}") = "Web", "Web", "{209A8B9A-29DC-42A3-950E-B781254E3E09}"
EndProject
Project("{FAE04EC0-301F-11D3-BF4B-00C04F79EFBC}") = "Command", "Command\Command\Command.csproj", "{55B8EB58-CFCD-4E7F-851D-8C30D56A1A70}"
EndProject
Project("{FAE04EC0-301F-11D3-BF4B-00C04F79EFBC}") = "DataAccess", "DataAccess\DataAccess\DataAccess.csproj", "{610E3100-FADD-4B57-8607-E5975CAB7056}"
EndProject
Project("{FAE04EC0-301F-11D3-BF4B-00C04F79EFBC}") = "Domain", "Domain\Domain\Domain.csproj", "{F06895E1-5B64-4B64-A6B8-72206A2F252B}"
EndProject
Project("{FAE04EC0-301F-11D3-BF4B-00C04F79EFBC}") = "Query", "Query\Query\Query.csproj", "{74B2F534-0118-4858-B418-C88691DC3BE2}"
EndProject
Project("{FAE04EC0-301F-11D3-BF4B-00C04F79EFBC}") = "Web", "Web\Web\Web.csproj", "{611AE2E5-E094-4FB8-BC35-18A972DC0EC6}"
EndProject
Project("{FAE04EC0-301F-11D3-BF4B-00C04F79EFBC}") = "DataAccess.Tests.Integration", "DataAccess\DataAccess.Tests.Integration\DataAccess.Tests.Integration.csproj", "{7CFF37E2-9365-4A92-8AA5-57C85AD08DAC}"
EndProject
Project("{2150E333-8FDC-42A3-9474-1A3956D46DE8}") = "TestHelpers", "TestHelpers", "{94F2E358-F5F8-46B6-9867-D09E9E1FBFCE}"
EndProject
Project("{FAE04EC0-301F-11D3-BF4B-00C04F79EFBC}") = "TestHelpers", "TestHelpers\TestHelpers\TestHelpers.csproj", "{5D60CB90-E165-4AFC-B4DD-5BD5B5610382}"
EndProject
Project("{2150E333-8FDC-42A3-9474-1A3956D46DE8}") = "Core", "Core", "{E73C1D4C-1764-4754-8A8A-7239541008FD}"
EndProject
Project("{FAE04EC0-301F-11D3-BF4B-00C04F79EFBC}") = "Core.Endpoints", "Core\Core.Endpoints\Core.Endpoints.csproj", "{05658C6B-B45D-4F93-B1BA-7B7C68F8EE4D}"
EndProject
Project("{FAE04EC0-301F-11D3-BF4B-00C04F79EFBC}") = "Query.Tests.Unit", "Query\Query.Tests.Unit\Query.Tests.Unit.csproj", "{33CEE8AB-7DE8-4A2E-9881-BEE5321A0E38}"
EndProject
Global
	GlobalSection(SolutionConfigurationPlatforms) = preSolution
		Debug|Any CPU = Debug|Any CPU
		Release|Any CPU = Release|Any CPU
	EndGlobalSection
	GlobalSection(ProjectConfigurationPlatforms) = postSolution
		{55B8EB58-CFCD-4E7F-851D-8C30D56A1A70}.Debug|Any CPU.ActiveCfg = Debug|Any CPU
		{55B8EB58-CFCD-4E7F-851D-8C30D56A1A70}.Debug|Any CPU.Build.0 = Debug|Any CPU
		{55B8EB58-CFCD-4E7F-851D-8C30D56A1A70}.Release|Any CPU.ActiveCfg = Release|Any CPU
		{55B8EB58-CFCD-4E7F-851D-8C30D56A1A70}.Release|Any CPU.Build.0 = Release|Any CPU
		{610E3100-FADD-4B57-8607-E5975CAB7056}.Debug|Any CPU.ActiveCfg = Debug|Any CPU
		{610E3100-FADD-4B57-8607-E5975CAB7056}.Debug|Any CPU.Build.0 = Debug|Any CPU
		{610E3100-FADD-4B57-8607-E5975CAB7056}.Release|Any CPU.ActiveCfg = Release|Any CPU
		{610E3100-FADD-4B57-8607-E5975CAB7056}.Release|Any CPU.Build.0 = Release|Any CPU
		{F06895E1-5B64-4B64-A6B8-72206A2F252B}.Debug|Any CPU.ActiveCfg = Debug|Any CPU
		{F06895E1-5B64-4B64-A6B8-72206A2F252B}.Debug|Any CPU.Build.0 = Debug|Any CPU
		{F06895E1-5B64-4B64-A6B8-72206A2F252B}.Release|Any CPU.ActiveCfg = Release|Any CPU
		{F06895E1-5B64-4B64-A6B8-72206A2F252B}.Release|Any CPU.Build.0 = Release|Any CPU
		{74B2F534-0118-4858-B418-C88691DC3BE2}.Debug|Any CPU.ActiveCfg = Debug|Any CPU
		{74B2F534-0118-4858-B418-C88691DC3BE2}.Debug|Any CPU.Build.0 = Debug|Any CPU
		{74B2F534-0118-4858-B418-C88691DC3BE2}.Release|Any CPU.ActiveCfg = Release|Any CPU
		{74B2F534-0118-4858-B418-C88691DC3BE2}.Release|Any CPU.Build.0 = Release|Any CPU
		{611AE2E5-E094-4FB8-BC35-18A972DC0EC6}.Debug|Any CPU.ActiveCfg = Debug|Any CPU
		{611AE2E5-E094-4FB8-BC35-18A972DC0EC6}.Debug|Any CPU.Build.0 = Debug|Any CPU
		{611AE2E5-E094-4FB8-BC35-18A972DC0EC6}.Release|Any CPU.ActiveCfg = Release|Any CPU
		{611AE2E5-E094-4FB8-BC35-18A972DC0EC6}.Release|Any CPU.Build.0 = Release|Any CPU
		{7CFF37E2-9365-4A92-8AA5-57C85AD08DAC}.Debug|Any CPU.ActiveCfg = Debug|Any CPU
		{7CFF37E2-9365-4A92-8AA5-57C85AD08DAC}.Debug|Any CPU.Build.0 = Debug|Any CPU
		{7CFF37E2-9365-4A92-8AA5-57C85AD08DAC}.Release|Any CPU.ActiveCfg = Release|Any CPU
		{7CFF37E2-9365-4A92-8AA5-57C85AD08DAC}.Release|Any CPU.Build.0 = Release|Any CPU
		{5D60CB90-E165-4AFC-B4DD-5BD5B5610382}.Debug|Any CPU.ActiveCfg = Debug|Any CPU
		{5D60CB90-E165-4AFC-B4DD-5BD5B5610382}.Debug|Any CPU.Build.0 = Debug|Any CPU
		{5D60CB90-E165-4AFC-B4DD-5BD5B5610382}.Release|Any CPU.ActiveCfg = Release|Any CPU
		{5D60CB90-E165-4AFC-B4DD-5BD5B5610382}.Release|Any CPU.Build.0 = Release|Any CPU
		{05658C6B-B45D-4F93-B1BA-7B7C68F8EE4D}.Debug|Any CPU.ActiveCfg = Debug|Any CPU
		{05658C6B-B45D-4F93-B1BA-7B7C68F8EE4D}.Debug|Any CPU.Build.0 = Debug|Any CPU
		{05658C6B-B45D-4F93-B1BA-7B7C68F8EE4D}.Release|Any CPU.ActiveCfg = Release|Any CPU
		{05658C6B-B45D-4F93-B1BA-7B7C68F8EE4D}.Release|Any CPU.Build.0 = Release|Any CPU
		{33CEE8AB-7DE8-4A2E-9881-BEE5321A0E38}.Debug|Any CPU.ActiveCfg = Debug|Any CPU
		{33CEE8AB-7DE8-4A2E-9881-BEE5321A0E38}.Debug|Any CPU.Build.0 = Debug|Any CPU
		{33CEE8AB-7DE8-4A2E-9881-BEE5321A0E38}.Release|Any CPU.ActiveCfg = Release|Any CPU
		{33CEE8AB-7DE8-4A2E-9881-BEE5321A0E38}.Release|Any CPU.Build.0 = Release|Any CPU
	EndGlobalSection
	GlobalSection(SolutionProperties) = preSolution
		HideSolutionNode = FALSE
	EndGlobalSection
	GlobalSection(NestedProjects) = preSolution
		{55B8EB58-CFCD-4E7F-851D-8C30D56A1A70} = {3CDE32E6-9605-4E36-A8B0-89C45EE29F7F}
		{610E3100-FADD-4B57-8607-E5975CAB7056} = {9C7A45C4-0F93-4ABA-8CDB-9437FB3B0553}
		{F06895E1-5B64-4B64-A6B8-72206A2F252B} = {F3BCB206-A11C-434D-9EB7-17A417E89D15}
		{74B2F534-0118-4858-B418-C88691DC3BE2} = {EE71E442-1733-4C1D-A7A8-5F4852923373}
		{611AE2E5-E094-4FB8-BC35-18A972DC0EC6} = {209A8B9A-29DC-42A3-950E-B781254E3E09}
		{7CFF37E2-9365-4A92-8AA5-57C85AD08DAC} = {9C7A45C4-0F93-4ABA-8CDB-9437FB3B0553}
		{5D60CB90-E165-4AFC-B4DD-5BD5B5610382} = {94F2E358-F5F8-46B6-9867-D09E9E1FBFCE}
		{05658C6B-B45D-4F93-B1BA-7B7C68F8EE4D} = {E73C1D4C-1764-4754-8A8A-7239541008FD}
		{33CEE8AB-7DE8-4A2E-9881-BEE5321A0E38} = {EE71E442-1733-4C1D-A7A8-5F4852923373}
	EndGlobalSection
EndGlobal
